
Microsoft Visual Studio Solution File, Format Version 12.00
# Visual Studio Version 17
VisualStudioVersion = 17.9.34310.174
MinimumVisualStudioVersion = 10.0.40219.1
Project("{FAE04EC0-301F-11D3-BF4B-00C04F79EFBC}") = "DemoNewFeaturesOnSerializationOrDes", "DemoNewFeaturesOnSerializationOrDes\DemoNewFeaturesOnSerializationOrDes.csproj", "{A1B58ECD-2BF1-458C-A8F0-9FC4BBA16DA4}"
EndProject
Global
	GlobalSection(SolutionConfigurationPlatforms) = preSolution
		Debug|Any CPU = Debug|Any CPU
		Release|Any CPU = Release|Any CPU
	EndGlobalSection
	GlobalSection(ProjectConfigurationPlatforms) = postSolution
		{A1B58ECD-2BF1-458C-A8F0-9FC4BBA16DA4}.Debug|Any CPU.ActiveCfg = Debug|Any CPU
		{A1B58ECD-2BF1-458C-A8F0-9FC4BBA16DA4}.Debug|Any CPU.Build.0 = Debug|Any CPU
		{A1B58ECD-2BF1-458C-A8F0-9FC4BBA16DA4}.Release|Any CPU.ActiveCfg = Release|Any CPU
		{A1B58ECD-2BF1-458C-A8F0-9FC4BBA16DA4}.Release|Any CPU.Build.0 = Release|Any CPU
	EndGlobalSection
	GlobalSection(SolutionProperties) = preSolution
		HideSolutionNode = FALSE
	EndGlobalSection
	GlobalSection(ExtensibilityGlobals) = postSolution
		SolutionGuid = {0581FB49-A9A7-412F-A62B-78915BD86634}
	EndGlobalSection
EndGlobal
